
Microsoft Visual Studio Solution File, Format Version 12.00
# Visual Studio Version 17
VisualStudioVersion = 17.5.33424.131
MinimumVisualStudioVersion = 10.0.40219.1
Project("{FAE04EC0-301F-11D3-BF4B-00C04F79EFBC}") = "Unit_7_AdoptionMVC_Lab", "Unit_7_AdoptionMVC_Lab\Unit_7_AdoptionMVC_Lab.csproj", "{9D3CC907-A196-451F-A677-D22594A80496}"
EndProject
Global
	GlobalSection(SolutionConfigurationPlatforms) = preSolution
		Debug|Any CPU = Debug|Any CPU
		Release|Any CPU = Release|Any CPU
	EndGlobalSection
	GlobalSection(ProjectConfigurationPlatforms) = postSolution
		{9D3CC907-A196-451F-A677-D22594A80496}.Debug|Any CPU.ActiveCfg = Debug|Any CPU
		{9D3CC907-A196-451F-A677-D22594A80496}.Debug|Any CPU.Build.0 = Debug|Any CPU
		{9D3CC907-A196-451F-A677-D22594A80496}.Release|Any CPU.ActiveCfg = Release|Any CPU
		{9D3CC907-A196-451F-A677-D22594A80496}.Release|Any CPU.Build.0 = Release|Any CPU
	EndGlobalSection
	GlobalSection(SolutionProperties) = preSolution
		HideSolutionNode = FALSE
	EndGlobalSection
	GlobalSection(ExtensibilityGlobals) = postSolution
		SolutionGuid = {5140D387-FDC2-4433-B387-0C7EAA512BB9}
	EndGlobalSection
EndGlobal
